
Microsoft Visual Studio Solution File, Format Version 12.00
# Visual Studio Version 17
VisualStudioVersion = 17.5.002.0
MinimumVisualStudioVersion = 10.0.40219.1
Project("{9A19103F-16F7-4668-BE54-9A1E7A4F7556}") = "Ch_01_hello", "Ch_01_hello\Ch_01_hello.csproj", "{ECEE1A7A-423D-4412-90A5-413D47F06DDA}"
EndProject
Project("{FAE04EC0-301F-11D3-BF4B-00C04F79EFBC}") = "Ch_02_routing", "Ch_02_routing\Ch_02_routing.csproj", "{0725865C-32D0-486F-8EC6-5F7B3CAA5048}"
EndProject
Project("{FAE04EC0-301F-11D3-BF4B-00C04F79EFBC}") = "Ch_03_route_parameters", "Ch_03_route_parameters\Ch_03_route_parameters.csproj", "{4D7DC23D-6DF7-4AAA-A1F9-DAAF13BADBDC}"
EndProject
Project("{2150E333-8FDC-42A3-9474-1A3956D46DE8}") = "Ch_04_results", "Ch_04_results", "{2A0DBB17-EA66-4DCB-AD3A-33FA70F35A20}"
EndProject
Project("{FAE04EC0-301F-11D3-BF4B-00C04F79EFBC}") = "BookStore", "Ch_04_results\BookStore\BookStore.csproj", "{15F9CCEF-E49E-4145-9E72-292C4213DDF8}"
EndProject
Project("{FAE04EC0-301F-11D3-BF4B-00C04F79EFBC}") = "Ch_05_errors", "Ch_05_errors\Ch_05_errors.csproj", "{09B61B7E-F35B-4A18-AE55-D8BD46746F79}"
EndProject
Project("{FAE04EC0-301F-11D3-BF4B-00C04F79EFBC}") = "Ch_06_cors", "Ch_06_cors\Ch_06_cors.csproj", "{DDE30360-6E05-454B-9D32-AC04FD2530E2}"
EndProject
Project("{FAE04EC0-301F-11D3-BF4B-00C04F79EFBC}") = "Ch_07_swagger", "Ch_07_swagger\Ch_07_swagger.csproj", "{67ECFE48-8442-41C2-80F3-ABEDA4872F26}"
EndProject
Project("{FAE04EC0-301F-11D3-BF4B-00C04F79EFBC}") = "Ch_08_Validation", "Ch_08_Validation\Ch_08_Validation.csproj", "{D4CEE80A-AA9F-4B35-AA9D-46598996AB93}"
EndProject
Project("{FAE04EC0-301F-11D3-BF4B-00C04F79EFBC}") = "Ch_09_DI", "Ch_09_DI\Ch_09_DI.csproj", "{3BA49294-DCA1-4224-A4B3-6685678AF37B}"
EndProject
Project("{FAE04EC0-301F-11D3-BF4B-00C04F79EFBC}") = "Ch_10_DI_And_Interface", "Ch_10_DI_And_Interface\Ch_10_DI_And_Interface.csproj", "{F4D77D62-F0B5-4BF0-8384-FC091A7C00F1}"
EndProject
Project("{FAE04EC0-301F-11D3-BF4B-00C04F79EFBC}") = "Ch_11_Dal", "Ch_11_Dal\Ch_11_Dal.csproj", "{EED361F3-2ECA-449F-AF53-AEE694D162FA}"
EndProject
Project("{FAE04EC0-301F-11D3-BF4B-00C04F79EFBC}") = "Ch_12_Repo_In_Use", "Ch_12_Repo_In_Use\Ch_12_Repo_In_Use.csproj", "{2290C921-14CC-476D-8D15-18169E405A7F}"
EndProject
Global
	GlobalSection(SolutionConfigurationPlatforms) = preSolution
		Debug|Any CPU = Debug|Any CPU
		Release|Any CPU = Release|Any CPU
	EndGlobalSection
	GlobalSection(ProjectConfigurationPlatforms) = postSolution
		{ECEE1A7A-423D-4412-90A5-413D47F06DDA}.Debug|Any CPU.ActiveCfg = Debug|Any CPU
		{ECEE1A7A-423D-4412-90A5-413D47F06DDA}.Debug|Any CPU.Build.0 = Debug|Any CPU
		{ECEE1A7A-423D-4412-90A5-413D47F06DDA}.Release|Any CPU.ActiveCfg = Release|Any CPU
		{ECEE1A7A-423D-4412-90A5-413D47F06DDA}.Release|Any CPU.Build.0 = Release|Any CPU
		{0725865C-32D0-486F-8EC6-5F7B3CAA5048}.Debug|Any CPU.ActiveCfg = Debug|Any CPU
		{0725865C-32D0-486F-8EC6-5F7B3CAA5048}.Debug|Any CPU.Build.0 = Debug|Any CPU
		{0725865C-32D0-486F-8EC6-5F7B3CAA5048}.Release|Any CPU.ActiveCfg = Release|Any CPU
		{0725865C-32D0-486F-8EC6-5F7B3CAA5048}.Release|Any CPU.Build.0 = Release|Any CPU
		{4D7DC23D-6DF7-4AAA-A1F9-DAAF13BADBDC}.Debug|Any CPU.ActiveCfg = Debug|Any CPU
		{4D7DC23D-6DF7-4AAA-A1F9-DAAF13BADBDC}.Debug|Any CPU.Build.0 = Debug|Any CPU
		{4D7DC23D-6DF7-4AAA-A1F9-DAAF13BADBDC}.Release|Any CPU.ActiveCfg = Release|Any CPU
		{4D7DC23D-6DF7-4AAA-A1F9-DAAF13BADBDC}.Release|Any CPU.Build.0 = Release|Any CPU
		{15F9CCEF-E49E-4145-9E72-292C4213DDF8}.Debug|Any CPU.ActiveCfg = Debug|Any CPU
		{15F9CCEF-E49E-4145-9E72-292C4213DDF8}.Debug|Any CPU.Build.0 = Debug|Any CPU
		{15F9CCEF-E49E-4145-9E72-292C4213DDF8}.Release|Any CPU.ActiveCfg = Release|Any CPU
		{15F9CCEF-E49E-4145-9E72-292C4213DDF8}.Release|Any CPU.Build.0 = Release|Any CPU
		{09B61B7E-F35B-4A18-AE55-D8BD46746F79}.Debug|Any CPU.ActiveCfg = Debug|Any CPU
		{09B61B7E-F35B-4A18-AE55-D8BD46746F79}.Debug|Any CPU.Build.0 = Debug|Any CPU
		{09B61B7E-F35B-4A18-AE55-D8BD46746F79}.Release|Any CPU.ActiveCfg = Release|Any CPU
		{09B61B7E-F35B-4A18-AE55-D8BD46746F79}.Release|Any CPU.Build.0 = Release|Any CPU
		{DDE30360-6E05-454B-9D32-AC04FD2530E2}.Debug|Any CPU.ActiveCfg = Debug|Any CPU
		{DDE30360-6E05-454B-9D32-AC04FD2530E2}.Debug|Any CPU.Build.0 = Debug|Any CPU
		{DDE30360-6E05-454B-9D32-AC04FD2530E2}.Release|Any CPU.ActiveCfg = Release|Any CPU
		{DDE30360-6E05-454B-9D32-AC04FD2530E2}.Release|Any CPU.Build.0 = Release|Any CPU
		{67ECFE48-8442-41C2-80F3-ABEDA4872F26}.Debug|Any CPU.ActiveCfg = Debug|Any CPU
		{67ECFE48-8442-41C2-80F3-ABEDA4872F26}.Debug|Any CPU.Build.0 = Debug|Any CPU
		{67ECFE48-8442-41C2-80F3-ABEDA4872F26}.Release|Any CPU.ActiveCfg = Release|Any CPU
		{67ECFE48-8442-41C2-80F3-ABEDA4872F26}.Release|Any CPU.Build.0 = Release|Any CPU
		{D4CEE80A-AA9F-4B35-AA9D-46598996AB93}.Debug|Any CPU.ActiveCfg = Debug|Any CPU
		{D4CEE80A-AA9F-4B35-AA9D-46598996AB93}.Debug|Any CPU.Build.0 = Debug|Any CPU
		{D4CEE80A-AA9F-4B35-AA9D-46598996AB93}.Release|Any CPU.ActiveCfg = Release|Any CPU
		{D4CEE80A-AA9F-4B35-AA9D-46598996AB93}.Release|Any CPU.Build.0 = Release|Any CPU
		{3BA49294-DCA1-4224-A4B3-6685678AF37B}.Debug|Any CPU.ActiveCfg = Debug|Any CPU
		{3BA49294-DCA1-4224-A4B3-6685678AF37B}.Debug|Any CPU.Build.0 = Debug|Any CPU
		{3BA49294-DCA1-4224-A4B3-6685678AF37B}.Release|Any CPU.ActiveCfg = Release|Any CPU
		{3BA49294-DCA1-4224-A4B3-6685678AF37B}.Release|Any CPU.Build.0 = Release|Any CPU
		{F4D77D62-F0B5-4BF0-8384-FC091A7C00F1}.Debug|Any CPU.ActiveCfg = Debug|Any CPU
		{F4D77D62-F0B5-4BF0-8384-FC091A7C00F1}.Debug|Any CPU.Build.0 = Debug|Any CPU
		{F4D77D62-F0B5-4BF0-8384-FC091A7C00F1}.Release|Any CPU.ActiveCfg = Release|Any CPU
		{F4D77D62-F0B5-4BF0-8384-FC091A7C00F1}.Release|Any CPU.Build.0 = Release|Any CPU
		{EED361F3-2ECA-449F-AF53-AEE694D162FA}.Debug|Any CPU.ActiveCfg = Debug|Any CPU
		{EED361F3-2ECA-449F-AF53-AEE694D162FA}.Debug|Any CPU.Build.0 = Debug|Any CPU
		{EED361F3-2ECA-449F-AF53-AEE694D162FA}.Release|Any CPU.ActiveCfg = Release|Any CPU
		{EED361F3-2ECA-449F-AF53-AEE694D162FA}.Release|Any CPU.Build.0 = Release|Any CPU
		{2290C921-14CC-476D-8D15-18169E405A7F}.Debug|Any CPU.ActiveCfg = Debug|Any CPU
		{2290C921-14CC-476D-8D15-18169E405A7F}.Debug|Any CPU.Build.0 = Debug|Any CPU
		{2290C921-14CC-476D-8D15-18169E405A7F}.Release|Any CPU.ActiveCfg = Release|Any CPU
		{2290C921-14CC-476D-8D15-18169E405A7F}.Release|Any CPU.Build.0 = Release|Any CPU
	EndGlobalSection
	GlobalSection(SolutionProperties) = preSolution
		HideSolutionNode = FALSE
	EndGlobalSection
	GlobalSection(ExtensibilityGlobals) = postSolution
		SolutionGuid = {A22D3C7C-B7C2-43F0-8FB3-0E4A98D3C0F7}
	EndGlobalSection
	GlobalSection(NestedProjects) = preSolution
		{15F9CCEF-E49E-4145-9E72-292C4213DDF8} = {2A0DBB17-EA66-4DCB-AD3A-33FA70F35A20}
	EndGlobalSection
EndGlobal
